
Microsoft Visual Studio Solution File, Format Version 12.00
# Visual Studio Version 16
VisualStudioVersion = 16.0.30907.101
MinimumVisualStudioVersion = 15.0.26124.0
Project("{9A19103F-16F7-4668-BE54-9A1E7A4F7556}") = "MetaState.IdentityServer4.Admin.BusinessLogic.Shared", "MetaState.IdentityServer4.Admin.BusinessLogic.Shared\MetaState.IdentityServer4.Admin.BusinessLogic.Shared.csproj", "{5ED6A499-F715-4940-BD78-7B22E0E40EE9}"
EndProject
Project("{9A19103F-16F7-4668-BE54-9A1E7A4F7556}") = "MetaState.IdentityServer4.Admin.BusinessLogic", "MetaState.IdentityServer4.Admin.BusinessLogic\MetaState.IdentityServer4.Admin.BusinessLogic.csproj", "{BD8275C2-A73D-4E70-B2EE-3DC78284C289}"
EndProject
Project("{9A19103F-16F7-4668-BE54-9A1E7A4F7556}") = "MetaState.IdentityServer4.Admin.BusinessLogic.Identity", "MetaState.IdentityServer4.Admin.BusinessLogic.Identity\MetaState.IdentityServer4.Admin.BusinessLogic.Identity.csproj", "{549FFB29-8ABB-4D95-ABBA-D48E0058B9C8}"
EndProject
Project("{9A19103F-16F7-4668-BE54-9A1E7A4F7556}") = "MetaState.IdentityServer4.Shared", "MetaState.IdentityServer4.Shared\MetaState.IdentityServer4.Shared.csproj", "{4741DF63-E872-4DCD-B93A-FE5CD24DC388}"
EndProject
Project("{9A19103F-16F7-4668-BE54-9A1E7A4F7556}") = "MetaState.IdentityServer4.Admin.EntityFramework", "MetaState.IdentityServer4.Admin.EntityFramework\MetaState.IdentityServer4.Admin.EntityFramework.csproj", "{8837EB8E-3EF1-4042-971A-74FC34D28CCE}"
EndProject
Project("{9A19103F-16F7-4668-BE54-9A1E7A4F7556}") = "MetaState.IdentityServer4.Admin.EntityFramework.Extensions", "MetaState.IdentityServer4.Admin.EntityFramework.Extensions\MetaState.IdentityServer4.Admin.EntityFramework.Extensions.csproj", "{28BFEE27-F1AF-4C76-BD94-FF2E2309AC5B}"
EndProject
Project("{9A19103F-16F7-4668-BE54-9A1E7A4F7556}") = "MetaState.IdentityServer4.Admin.EntityFramework.Identity", "MetaState.IdentityServer4.Admin.EntityFramework.Identity\MetaState.IdentityServer4.Admin.EntityFramework.Identity.csproj", "{B38F0D6C-B976-4B68-9647-654A154F70D2}"
EndProject
Project("{9A19103F-16F7-4668-BE54-9A1E7A4F7556}") = "MetaState.IdentityServer4.Admin.EntityFramework.Shared", "MetaState.IdentityServer4.Admin.EntityFramework.Shared\MetaState.IdentityServer4.Admin.EntityFramework.Shared.csproj", "{40BD6A45-83B8-4E45-A662-59062D1CDDBB}"
EndProject
Project("{9A19103F-16F7-4668-BE54-9A1E7A4F7556}") = "MetaState.IdentityServer4.Admin.EntityFramework.SqlServer", "MetaState.IdentityServer4.Admin.EntityFramework.SqlServer\MetaState.IdentityServer4.Admin.EntityFramework.SqlServer.csproj", "{5599CF0B-D294-496A-A67F-FB281DF68A46}"
EndProject
Project("{9A19103F-16F7-4668-BE54-9A1E7A4F7556}") = "MetaState.IdentityServer4.STS.Identity", "MetaState.IdentityServer4.STS.Identity\MetaState.IdentityServer4.STS.Identity.csproj", "{200E437B-203F-472E-B062-E51BE875DE79}"
EndProject
Project("{9A19103F-16F7-4668-BE54-9A1E7A4F7556}") = "MetaState.IdentityServer4.Admin.Api", "MetaState.IdentityServer4.Admin.Api\MetaState.IdentityServer4.Admin.Api.csproj", "{46E7B492-8B43-48C2-9649-EED862ED7D69}"
EndProject
Project("{9A19103F-16F7-4668-BE54-9A1E7A4F7556}") = "MetaState.IdentityServer4.Admin", "MetaState.IdentityServer4.Admin\MetaState.IdentityServer4.Admin.csproj", "{08EC18F8-5E4A-4D50-8352-97B6703E395D}"
EndProject
Global
	GlobalSection(SolutionConfigurationPlatforms) = preSolution
		Debug|Any CPU = Debug|Any CPU
		Release|Any CPU = Release|Any CPU
	EndGlobalSection
	GlobalSection(ProjectConfigurationPlatforms) = postSolution
		{5ED6A499-F715-4940-BD78-7B22E0E40EE9}.Debug|Any CPU.ActiveCfg = Debug|Any CPU
		{5ED6A499-F715-4940-BD78-7B22E0E40EE9}.Debug|Any CPU.Build.0 = Debug|Any CPU
		{5ED6A499-F715-4940-BD78-7B22E0E40EE9}.Release|Any CPU.ActiveCfg = Release|Any CPU
		{5ED6A499-F715-4940-BD78-7B22E0E40EE9}.Release|Any CPU.Build.0 = Release|Any CPU
		{BD8275C2-A73D-4E70-B2EE-3DC78284C289}.Debug|Any CPU.ActiveCfg = Debug|Any CPU
		{BD8275C2-A73D-4E70-B2EE-3DC78284C289}.Debug|Any CPU.Build.0 = Debug|Any CPU
		{BD8275C2-A73D-4E70-B2EE-3DC78284C289}.Release|Any CPU.ActiveCfg = Release|Any CPU
		{BD8275C2-A73D-4E70-B2EE-3DC78284C289}.Release|Any CPU.Build.0 = Release|Any CPU
		{549FFB29-8ABB-4D95-ABBA-D48E0058B9C8}.Debug|Any CPU.ActiveCfg = Debug|Any CPU
		{549FFB29-8ABB-4D95-ABBA-D48E0058B9C8}.Debug|Any CPU.Build.0 = Debug|Any CPU
		{549FFB29-8ABB-4D95-ABBA-D48E0058B9C8}.Release|Any CPU.ActiveCfg = Release|Any CPU
		{549FFB29-8ABB-4D95-ABBA-D48E0058B9C8}.Release|Any CPU.Build.0 = Release|Any CPU
		{4741DF63-E872-4DCD-B93A-FE5CD24DC388}.Debug|Any CPU.ActiveCfg = Debug|Any CPU
		{4741DF63-E872-4DCD-B93A-FE5CD24DC388}.Debug|Any CPU.Build.0 = Debug|Any CPU
		{4741DF63-E872-4DCD-B93A-FE5CD24DC388}.Release|Any CPU.ActiveCfg = Release|Any CPU
		{4741DF63-E872-4DCD-B93A-FE5CD24DC388}.Release|Any CPU.Build.0 = Release|Any CPU
		{8837EB8E-3EF1-4042-971A-74FC34D28CCE}.Debug|Any CPU.ActiveCfg = Debug|Any CPU
		{8837EB8E-3EF1-4042-971A-74FC34D28CCE}.Debug|Any CPU.Build.0 = Debug|Any CPU
		{8837EB8E-3EF1-4042-971A-74FC34D28CCE}.Release|Any CPU.ActiveCfg = Release|Any CPU
		{8837EB8E-3EF1-4042-971A-74FC34D28CCE}.Release|Any CPU.Build.0 = Release|Any CPU
		{28BFEE27-F1AF-4C76-BD94-FF2E2309AC5B}.Debug|Any CPU.ActiveCfg = Debug|Any CPU
		{28BFEE27-F1AF-4C76-BD94-FF2E2309AC5B}.Debug|Any CPU.Build.0 = Debug|Any CPU
		{28BFEE27-F1AF-4C76-BD94-FF2E2309AC5B}.Release|Any CPU.ActiveCfg = Release|Any CPU
		{28BFEE27-F1AF-4C76-BD94-FF2E2309AC5B}.Release|Any CPU.Build.0 = Release|Any CPU
		{B38F0D6C-B976-4B68-9647-654A154F70D2}.Debug|Any CPU.ActiveCfg = Debug|Any CPU
		{B38F0D6C-B976-4B68-9647-654A154F70D2}.Debug|Any CPU.Build.0 = Debug|Any CPU
		{B38F0D6C-B976-4B68-9647-654A154F70D2}.Release|Any CPU.ActiveCfg = Release|Any CPU
		{B38F0D6C-B976-4B68-9647-654A154F70D2}.Release|Any CPU.Build.0 = Release|Any CPU
		{40BD6A45-83B8-4E45-A662-59062D1CDDBB}.Debug|Any CPU.ActiveCfg = Debug|Any CPU
		{40BD6A45-83B8-4E45-A662-59062D1CDDBB}.Debug|Any CPU.Build.0 = Debug|Any CPU
		{40BD6A45-83B8-4E45-A662-59062D1CDDBB}.Release|Any CPU.ActiveCfg = Release|Any CPU
		{40BD6A45-83B8-4E45-A662-59062D1CDDBB}.Release|Any CPU.Build.0 = Release|Any CPU
		{5599CF0B-D294-496A-A67F-FB281DF68A46}.Debug|Any CPU.ActiveCfg = Debug|Any CPU
		{5599CF0B-D294-496A-A67F-FB281DF68A46}.Debug|Any CPU.Build.0 = Debug|Any CPU
		{5599CF0B-D294-496A-A67F-FB281DF68A46}.Release|Any CPU.ActiveCfg = Release|Any CPU
		{5599CF0B-D294-496A-A67F-FB281DF68A46}.Release|Any CPU.Build.0 = Release|Any CPU
		{200E437B-203F-472E-B062-E51BE875DE79}.Debug|Any CPU.ActiveCfg = Debug|Any CPU
		{200E437B-203F-472E-B062-E51BE875DE79}.Debug|Any CPU.Build.0 = Debug|Any CPU
		{200E437B-203F-472E-B062-E51BE875DE79}.Release|Any CPU.ActiveCfg = Release|Any CPU
		{200E437B-203F-472E-B062-E51BE875DE79}.Release|Any CPU.Build.0 = Release|Any CPU
		{46E7B492-8B43-48C2-9649-EED862ED7D69}.Debug|Any CPU.ActiveCfg = Debug|Any CPU
		{46E7B492-8B43-48C2-9649-EED862ED7D69}.Debug|Any CPU.Build.0 = Debug|Any CPU
		{46E7B492-8B43-48C2-9649-EED862ED7D69}.Release|Any CPU.ActiveCfg = Release|Any CPU
		{46E7B492-8B43-48C2-9649-EED862ED7D69}.Release|Any CPU.Build.0 = Release|Any CPU
		{08EC18F8-5E4A-4D50-8352-97B6703E395D}.Debug|Any CPU.ActiveCfg = Debug|Any CPU
		{08EC18F8-5E4A-4D50-8352-97B6703E395D}.Debug|Any CPU.Build.0 = Debug|Any CPU
		{08EC18F8-5E4A-4D50-8352-97B6703E395D}.Release|Any CPU.ActiveCfg = Release|Any CPU
		{08EC18F8-5E4A-4D50-8352-97B6703E395D}.Release|Any CPU.Build.0 = Release|Any CPU
	EndGlobalSection
	GlobalSection(SolutionProperties) = preSolution
		HideSolutionNode = FALSE
	EndGlobalSection
	GlobalSection(ExtensibilityGlobals) = postSolution
		SolutionGuid = {8B29B74D-939B-4334-B7A7-B1927CF81213}
	EndGlobalSection
EndGlobal
